
Microsoft Visual Studio Solution File, Format Version 12.00
# Visual Studio Version 17
VisualStudioVersion = 17.12.35707.178
MinimumVisualStudioVersion = 10.0.40219.1
Project("{FAE04EC0-301F-11D3-BF4B-00C04F79EFBC}") = "Yummy.Api", "Yummy.Api\Yummy.Api.csproj", "{485ACFD7-8D80-4195-8648-57E8C9CA0459}"
EndProject
Project("{FAE04EC0-301F-11D3-BF4B-00C04F79EFBC}") = "Yummy.WebUI", "Yummy.WebUI\Yummy.WebUI.csproj", "{BD13217C-9B28-4044-90F1-955D6C56E133}"
EndProject
Project("{FAE04EC0-301F-11D3-BF4B-00C04F79EFBC}") = "Yummy.AdminUI", "Yummy.AdminUI\Yummy.AdminUI.csproj", "{C7F20FC7-94FA-43D9-A9BA-958F3FC00101}"
EndProject
Global
	GlobalSection(SolutionConfigurationPlatforms) = preSolution
		Debug|Any CPU = Debug|Any CPU
		Release|Any CPU = Release|Any CPU
	EndGlobalSection
	GlobalSection(ProjectConfigurationPlatforms) = postSolution
		{485ACFD7-8D80-4195-8648-57E8C9CA0459}.Debug|Any CPU.ActiveCfg = Debug|Any CPU
		{485ACFD7-8D80-4195-8648-57E8C9CA0459}.Debug|Any CPU.Build.0 = Debug|Any CPU
		{485ACFD7-8D80-4195-8648-57E8C9CA0459}.Release|Any CPU.ActiveCfg = Release|Any CPU
		{485ACFD7-8D80-4195-8648-57E8C9CA0459}.Release|Any CPU.Build.0 = Release|Any CPU
		{BD13217C-9B28-4044-90F1-955D6C56E133}.Debug|Any CPU.ActiveCfg = Debug|Any CPU
		{BD13217C-9B28-4044-90F1-955D6C56E133}.Debug|Any CPU.Build.0 = Debug|Any CPU
		{BD13217C-9B28-4044-90F1-955D6C56E133}.Release|Any CPU.ActiveCfg = Release|Any CPU
		{BD13217C-9B28-4044-90F1-955D6C56E133}.Release|Any CPU.Build.0 = Release|Any CPU
		{C7F20FC7-94FA-43D9-A9BA-958F3FC00101}.Debug|Any CPU.ActiveCfg = Debug|Any CPU
		{C7F20FC7-94FA-43D9-A9BA-958F3FC00101}.Debug|Any CPU.Build.0 = Debug|Any CPU
		{C7F20FC7-94FA-43D9-A9BA-958F3FC00101}.Release|Any CPU.ActiveCfg = Release|Any CPU
		{C7F20FC7-94FA-43D9-A9BA-958F3FC00101}.Release|Any CPU.Build.0 = Release|Any CPU
	EndGlobalSection
	GlobalSection(SolutionProperties) = preSolution
		HideSolutionNode = FALSE
	EndGlobalSection
	GlobalSection(ExtensibilityGlobals) = postSolution
		SolutionGuid = {BC86348D-8502-4C0B-B6A7-6C63254184AA}
	EndGlobalSection
EndGlobal
